github.com/GenericP3rson/GoSamplePackage v0.0.11 h1:6x8Tiv7EiTCd7baqIx5NZHuJi4JBhL5HvytbGaG1glY=
github.com/GenericP3rson/GoSamplePackage v0.0.11/go.mod h1:yhhjmjP34NzDnDDBNXoS0QZ57InTv9mv/Nx5KY7NNTQ=
github.com/gofrs/uuid v4.0.0+incompatible h1:1SD/1F5pU8p29ybwgQSwpQk+mwdRrXCYuPhW6m+TnJw=
github.com/gofrs/uuid v4.0.0+incompatible/go.mod h1:b2aQJv3Z4Fp6yNu3cdSllBxTCLRxnplIgP/c0N/04lM=
